
Microsoft Visual Studio Solution File, Format Version 12.00
# Visual Studio Version 16
VisualStudioVersion = 16.0.31410.357
MinimumVisualStudioVersion = 10.0.40219.1
Project("{FAE04EC0-301F-11D3-BF4B-00C04F79EFBC}") = "Dog year convertor", "Dog year convertor\Dog year convertor.csproj", "{68D27EE3-AECA-4494-8029-408606AC96EE}"
EndProject
Global
	GlobalSection(SolutionConfigurationPlatforms) = preSolution
		Debug|Any CPU = Debug|Any CPU
		Release|Any CPU = Release|Any CPU
	EndGlobalSection
	GlobalSection(ProjectConfigurationPlatforms) = postSolution
		{68D27EE3-AECA-4494-8029-408606AC96EE}.Debug|Any CPU.ActiveCfg = Debug|Any CPU
		{68D27EE3-AECA-4494-8029-408606AC96EE}.Debug|Any CPU.Build.0 = Debug|Any CPU
		{68D27EE3-AECA-4494-8029-408606AC96EE}.Release|Any CPU.ActiveCfg = Release|Any CPU
		{68D27EE3-AECA-4494-8029-408606AC96EE}.Release|Any CPU.Build.0 = Release|Any CPU
	EndGlobalSection
	GlobalSection(SolutionProperties) = preSolution
		HideSolutionNode = FALSE
	EndGlobalSection
	GlobalSection(ExtensibilityGlobals) = postSolution
		SolutionGuid = {8DBAC680-6507-415B-9528-60C02F28AB80}
	EndGlobalSection
EndGlobal
